// !$*UTF8*$!
{
	archiveVersion = 1;
	classes = {
	};
	objectVersion = 77;
	objects = {

/* Begin PBXBuildFile section */
		207AE8BF51D004479675DF34 /* index.html in Resources */ = {isa = PBXBuildFile; fileRef = 6DFB902F83529D148E1B12C8 /* index.html */; };
		6966564A24D4357BE9EAA364 /* GeolocationBridge.swift in Sources */ = {isa = PBXBuildFile; fileRef = A98BC7D0A01D18EEA9FF9EDF /* GeolocationBridge.swift */; };
		6D73B371B32144AB3A28F260 /* AppDelegate.swift in Sources */ = {isa = PBXBuildFile; fileRef = C1BC03B9D2CC8F7C51B5AB96 /* AppDelegate.swift */; };
		7BE6F2F992E7498C4A6E0458 /* WebHostViewController.swift in Sources */ = {isa = PBXBuildFile; fileRef = EFE242EBFCE4AB19F48F0BF5 /* WebHostViewController.swift */; };
		8517D5D161201B112A400D07 /* Assets.xcassets in Resources */ = {isa = PBXBuildFile; fileRef = A5DDD7269E8CB8E06C47ADCC /* Assets.xcassets */; };
/* End PBXBuildFile section */

/* Begin PBXFileReference section */
		6DFB902F83529D148E1B12C8 /* index.html */ = {isa = PBXFileReference; lastKnownFileType = text.html; path = index.html; sourceTree = "<group>"; };
		7B60A53AE3DE9605A82F0996 /* Info.plist */ = {isa = PBXFileReference; lastKnownFileType = text.plist; path = Info.plist; sourceTree = "<group>"; };
		A5DDD7269E8CB8E06C47ADCC /* Assets.xcassets */ = {isa = PBXFileReference; lastKnownFileType = folder.assetcatalog; path = Assets.xcassets; sourceTree = "<group>"; };
		A98BC7D0A01D18EEA9FF9EDF /* GeolocationBridge.swift */ = {isa = PBXFileReference; lastKnownFileType = sourcecode.swift; path = GeolocationBridge.swift; sourceTree = "<group>"; };
		BDDAA500FDEF1C41D7C33DC5 /* EVRoutePlanner.app */ = {isa = PBXFileReference; includeInIndex = 0; lastKnownFileType = wrapper.application; path = EVRoutePlanner.app; sourceTree = BUILT_PRODUCTS_DIR; };
		C1BC03B9D2CC8F7C51B5AB96 /* AppDelegate.swift */ = {isa = PBXFileReference; lastKnownFileType = sourcecode.swift; path = AppDelegate.swift; sourceTree = "<group>"; };
		EFE242EBFCE4AB19F48F0BF5 /* WebHostViewController.swift */ = {isa = PBXFileReference; lastKnownFileType = sourcecode.swift; path = WebHostViewController.swift; sourceTree = "<group>"; };
/* End PBXFileReference section */

/* Begin PBXGroup section */
		6F2444625C687CCF0CE44060 /* RouteSection */ = {
			isa = PBXGroup;
			children = (
				C1BC03B9D2CC8F7C51B5AB96 /* AppDelegate.swift */,
				A98BC7D0A01D18EEA9FF9EDF /* GeolocationBridge.swift */,
				7B60A53AE3DE9605A82F0996 /* Info.plist */,
				EFE242EBFCE4AB19F48F0BF5 /* WebHostViewController.swift */,
			);
			path = RouteSection;
			sourceTree = "<group>";
		};
		9576FEE600CABB7508C83175 = {
			isa = PBXGroup;
			children = (
				A5DDD7269E8CB8E06C47ADCC /* Assets.xcassets */,
				D1CC550C0651C40CE86E3B16 /* Resources */,
				6F2444625C687CCF0CE44060 /* RouteSection */,
				A7C05667D654701F3A1936EE /* Products */,
			);
			sourceTree = "<group>";
		};
		A7C05667D654701F3A1936EE /* Products */ = {
			isa = PBXGroup;
			children = (
				BDDAA500FDEF1C41D7C33DC5 /* EVRoutePlanner.app */,
			);
			name = Products;
			sourceTree = "<group>";
		};
		D1CC550C0651C40CE86E3B16 /* Resources */ = {
			isa = PBXGroup;
			children = (
				6DFB902F83529D148E1B12C8 /* index.html */,
			);
			path = Resources;
			sourceTree = "<group>";
		};
/* End PBXGroup section */

/* Begin PBXNativeTarget section */
		90A589942FB2150743321D67 /* EVRoutePlanner */ = {
			isa = PBXNativeTarget;
			buildConfigurationList = C38DDE0FC27405B9F4A76E41 /* Build configuration list for PBXNativeTarget "EVRoutePlanner" */;
			buildPhases = (
				4BF5FC9FF0FD9E108476CC39 /* Sources */,
				CA6255FEF75CD888B14E13EB /* Resources */,
			);
			buildRules = (
			);
			dependencies = (
			);
			name = EVRoutePlanner;
			packageProductDependencies = (
			);
			productName = EVRoutePlanner;
			productReference = BDDAA500FDEF1C41D7C33DC5 /* EVRoutePlanner.app */;
			productType = "com.apple.product-type.application";
		};
/* End PBXNativeTarget section */

/* Begin PBXProject section */
		CE137A30B4F6C8B3275F47D4 /* Project object */ = {
			isa = PBXProject;
			attributes = {
				BuildIndependentTargetsInParallel = YES;
				LastUpgradeCheck = 1430;
				TargetAttributes = {
					90A589942FB2150743321D67 = {
						ProvisioningStyle = Automatic;
					};
				};
			};
			buildConfigurationList = 3FE2D59709DE938C8A9F0104 /* Build configuration list for PBXProject "EVRoutePlanner" */;
			developmentRegion = en;
			hasScannedForEncodings = 0;
			knownRegions = (
				Base,
				en,
			);
			mainGroup = 9576FEE600CABB7508C83175;
			minimizedProjectReferenceProxies = 1;
			preferredProjectObjectVersion = 77;
			productRefGroup = A7C05667D654701F3A1936EE /* Products */;
			projectDirPath = "";
			projectRoot = "";
			targets = (
				90A589942FB2150743321D67 /* EVRoutePlanner */,
			);
		};
/* End PBXProject section */

/* Begin PBXResourcesBuildPhase section */
		CA6255FEF75CD888B14E13EB /* Resources */ = {
			isa = PBXResourcesBuildPhase;
			buildActionMask = 2147483647;
			files = (
				8517D5D161201B112A400D07 /* Assets.xcassets in Resources */,
				207AE8BF51D004479675DF34 /* index.html in Resources */,
			);
			runOnlyForDeploymentPostprocessing = 0;
		};
/* End PBXResourcesBuildPhase section */

/* Begin PBXSourcesBuildPhase section */
		4BF5FC9FF0FD9E108476CC39 /* Sources */ = {
			isa = PBXSourcesBuildPhase;
			buildActionMask = 2147483647;
			files = (
				6D73B371B32144AB3A28F260 /* AppDelegate.swift in Sources */,
				6966564A24D4357BE9EAA364 /* GeolocationBridge.swift in Sources */,
				7BE6F2F992E7498C4A6E0458 /* WebHostViewController.swift in Sources */,
			);
			runOnlyForDeploymentPostprocessing = 0;
		};
/* End PBXSourcesBuildPhase section */

/* Begin XCBuildConfiguration section */
		2EA5D34CDED0D0A372DE75DF /* Release */ = {
			isa = XCBuildConfiguration;
			buildSettings = {
				ASSETCATALOG_COMPILER_APPICON_NAME = AppIcon;
				CODE_SIGN_IDENTITY = "iPhone Developer";
				CODE_SIGN_STYLE = Automatic;
				CURRENT_PROJECT_VERSION = 1;
				ENABLE_USER_SCRIPT_SANDBOXING = NO;
				GENERATE_INFOPLIST_FILE = NO;
				INFOPLIST_FILE = RouteSection/Info.plist;
				LD_RUNPATH_SEARCH_PATHS = (
					"$(inherited)",
					"@executable_path/Frameworks",
				);
				MARKETING_VERSION = 3.8;
				PRODUCT_BUNDLE_IDENTIFIER = com.routesection.evplanner;
				SDKROOT = iphoneos;
				SWIFT_VERSION = 5.0;
				TARGETED_DEVICE_FAMILY = 1;
			};
			name = Release;
		};
		C16A824D767C087910D1BAC6 /* Release */ = {
			isa = XCBuildConfiguration;
			buildSettings = {
				ALWAYS_SEARCH_USER_PATHS = NO;
				CLANG_ANALYZER_NONNULL = YES;
				CLANG_ANALYZER_NUMBER_OBJECT_CONVERSION = YES_AGGRESSIVE;
				CLANG_CXX_LANGUAGE_STANDARD = "gnu++14";
				CLANG_CXX_LIBRARY = "libc++";
				CLANG_ENABLE_MODULES = YES;
				CLANG_ENABLE_OBJC_ARC = YES;
				CLANG_ENABLE_OBJC_WEAK = YES;
				CLANG_WARN_BLOCK_CAPTURE_AUTORELEASING = YES;
				CLANG_WARN_BOOL_CONVERSION = YES;
				CLANG_WARN_COMMA = YES;
				CLANG_WARN_CONSTANT_CONVERSION = YES;
				CLANG_WARN_DEPRECATED_OBJC_IMPLEMENTATIONS = YES;
				CLANG_WARN_DIRECT_OBJC_ISA_USAGE = YES_ERROR;
				CLANG_WARN_DOCUMENTATION_COMMENTS = YES;
				CLANG_WARN_EMPTY_BODY = YES;
				CLANG_WARN_ENUM_CONVERSION = YES;
				CLANG_WARN_INFINITE_RECURSION = YES;
				CLANG_WARN_INT_CONVERSION = YES;
				CLANG_WARN_NON_LITERAL_NULL_CONVERSION = YES;
				CLANG_WARN_OBJC_IMPLICIT_RETAIN_SELF = YES;
				CLANG_WARN_OBJC_LITERAL_CONVERSION = YES;
				CLANG_WARN_OBJC_ROOT_CLASS = YES_ERROR;
				CLANG_WARN_QUOTED_INCLUDE_IN_FRAMEWORK_HEADER = YES;
				CLANG_WARN_RANGE_LOOP_ANALYSIS = YES;
				CLANG_WARN_STRICT_PROTOTYPES = YES;
				CLANG_WARN_SUSPICIOUS_MOVE = YES;
				CLANG_WARN_UNGUARDED_AVAILABILITY = YES_AGGRESSIVE;
				CLANG_WARN_UNREACHABLE_CODE = YES;
				CLANG_WARN__DUPLICATE_METHOD_MATCH = YES;
				COPY_PHASE_STRIP = NO;
				DEBUG_INFORMATION_FORMAT = "dwarf-with-dsym";
				ENABLE_NS_ASSERTIONS = NO;
				ENABLE_STRICT_OBJC_MSGSEND = YES;
				GCC_C_LANGUAGE_STANDARD = gnu11;
				GCC_NO_COMMON_BLOCKS = YES;
				GCC_WARN_64_TO_32_BIT_CONVERSION = YES;
				GCC_WARN_ABOUT_RETURN_TYPE = YES_ERROR;
				GCC_WARN_UNDECLARED_SELECTOR = YES;
				GCC_WARN_UNINITIALIZED_AUTOS = YES_AGGRESSIVE;
				GCC_WARN_UNUSED_FUNCTION = YES;
				GCC_WARN_UNUSED_VARIABLE = YES;
				IPHONEOS_DEPLOYMENT_TARGET = 15.0;
				MTL_ENABLE_DEBUG_INFO = NO;
				MTL_FAST_MATH = YES;
				PRODUCT_NAME = "$(TARGET_NAME)";
				SDKROOT = iphoneos;
				SWIFT_COMPILATION_MODE = wholemodule;
				SWIFT_OPTIMIZATION_LEVEL = "-O";
				SWIFT_VERSION = 5.0;
			};
			name = Release;
		};
		C3D26E04306A116C35F6E572 /* Debug */ = {
			isa = XCBuildConfiguration;
			buildSettings = {
				ASSETCATALOG_COMPILER_APPICON_NAME = AppIcon;
				CODE_SIGN_IDENTITY = "iPhone Developer";
				CODE_SIGN_STYLE = Automatic;
				CURRENT_PROJECT_VERSION = 1;
				ENABLE_USER_SCRIPT_SANDBOXING = NO;
				GENERATE_INFOPLIST_FILE = NO;
				INFOPLIST_FILE = RouteSection/Info.plist;
				LD_RUNPATH_SEARCH_PATHS = (
					"$(inherited)",
					"@executable_path/Frameworks",
				);
				MARKETING_VERSION = 3.8;
				PRODUCT_BUNDLE_IDENTIFIER = com.routesection.evplanner;
				SDKROOT = iphoneos;
				SWIFT_VERSION = 5.0;
				TARGETED_DEVICE_FAMILY = 1;
			};
			name = Debug;
		};
		FF8B44036DD0AB1BDE7E604B /* Debug */ = {
			isa = XCBuildConfiguration;
			buildSettings = {
				ALWAYS_SEARCH_USER_PATHS = NO;
				CLANG_ANALYZER_NONNULL = YES;
				CLANG_ANALYZER_NUMBER_OBJECT_CONVERSION = YES_AGGRESSIVE;
				CLANG_CXX_LANGUAGE_STANDARD = "gnu++14";
				CLANG_CXX_LIBRARY = "libc++";
				CLANG_ENABLE_MODULES = YES;
				CLANG_ENABLE_OBJC_ARC = YES;
				CLANG_ENABLE_OBJC_WEAK = YES;
				CLANG_WARN_BLOCK_CAPTURE_AUTORELEASING = YES;
				CLANG_WARN_BOOL_CONVERSION = YES;
				CLANG_WARN_COMMA = YES;
				CLANG_WARN_CONSTANT_CONVERSION = YES;
				CLANG_WARN_DEPRECATED_OBJC_IMPLEMENTATIONS = YES;
				CLANG_WARN_DIRECT_OBJC_ISA_USAGE = YES_ERROR;
				CLANG_WARN_DOCUMENTATION_COMMENTS = YES;
				CLANG_WARN_EMPTY_BODY = YES;
				CLANG_WARN_ENUM_CONVERSION = YES;
				CLANG_WARN_INFINITE_RECURSION = YES;
				CLANG_WARN_INT_CONVERSION = YES;
				CLANG_WARN_NON_LITERAL_NULL_CONVERSION = YES;
				CLANG_WARN_OBJC_IMPLICIT_RETAIN_SELF = YES;
				CLANG_WARN_OBJC_LITERAL_CONVERSION = YES;
				CLANG_WARN_OBJC_ROOT_CLASS = YES_ERROR;
				CLANG_WARN_QUOTED_INCLUDE_IN_FRAMEWORK_HEADER = YES;
				CLANG_WARN_RANGE_LOOP_ANALYSIS = YES;
				CLANG_WARN_STRICT_PROTOTYPES = YES;
				CLANG_WARN_SUSPICIOUS_MOVE = YES;
				CLANG_WARN_UNGUARDED_AVAILABILITY = YES_AGGRESSIVE;
				CLANG_WARN_UNREACHABLE_CODE = YES;
				CLANG_WARN__DUPLICATE_METHOD_MATCH = YES;
				COPY_PHASE_STRIP = NO;
				DEBUG_INFORMATION_FORMAT = dwarf;
				ENABLE_STRICT_OBJC_MSGSEND = YES;
				ENABLE_TESTABILITY = YES;
				GCC_C_LANGUAGE_STANDARD = gnu11;
				GCC_DYNAMIC_NO_PIC = NO;
				GCC_NO_COMMON_BLOCKS = YES;
				GCC_OPTIMIZATION_LEVEL = 0;
				GCC_PREPROCESSOR_DEFINITIONS = (
					"$(inherited)",
					"DEBUG=1",
				);
				GCC_WARN_64_TO_32_BIT_CONVERSION = YES;
				GCC_WARN_ABOUT_RETURN_TYPE = YES_ERROR;
				GCC_WARN_UNDECLARED_SELECTOR = YES;
				GCC_WARN_UNINITIALIZED_AUTOS = YES_AGGRESSIVE;
				GCC_WARN_UNUSED_FUNCTION = YES;
				GCC_WARN_UNUSED_VARIABLE = YES;
				IPHONEOS_DEPLOYMENT_TARGET = 15.0;
				MTL_ENABLE_DEBUG_INFO = INCLUDE_SOURCE;
				MTL_FAST_MATH = YES;
				ONLY_ACTIVE_ARCH = YES;
				PRODUCT_NAME = "$(TARGET_NAME)";
				SDKROOT = iphoneos;
				SWIFT_ACTIVE_COMPILATION_CONDITIONS = DEBUG;
				SWIFT_OPTIMIZATION_LEVEL = "-Onone";
				SWIFT_VERSION = 5.0;
			};
			name = Debug;
		};
/* End XCBuildConfiguration section */

/* Begin XCConfigurationList section */
		3FE2D59709DE938C8A9F0104 /* Build configuration list for PBXProject "EVRoutePlanner" */ = {
			isa = XCConfigurationList;
			buildConfigurations = (
				FF8B44036DD0AB1BDE7E604B /* Debug */,
				C16A824D767C087910D1BAC6 /* Release */,
			);
			defaultConfigurationIsVisible = 0;
			defaultConfigurationName = Debug;
		};
		C38DDE0FC27405B9F4A76E41 /* Build configuration list for PBXNativeTarget "EVRoutePlanner" */ = {
			isa = XCConfigurationList;
			buildConfigurations = (
				C3D26E04306A116C35F6E572 /* Debug */,
				2EA5D34CDED0D0A372DE75DF /* Release */,
			);
			defaultConfigurationIsVisible = 0;
			defaultConfigurationName = Debug;
		};
/* End XCConfigurationList section */
	};
	rootObject = CE137A30B4F6C8B3275F47D4 /* Project object */;
}
